// !$*UTF8*$!
{
	archiveVersion = 1;
	classes = {
	};
	objectVersion = 48;
	objects = {

/* Begin PBXBuildFile section */
		8ABBEE0322D48BAA007859F4 /* Assets.xcassets in Resources */ = {isa = PBXBuildFile; fileRef = 8ABBEE0222D48BAA007859F4 /* Assets.xcassets */; };
		8AF0753F22E11FB600146D51 /* WalkthroughViewController.swift in Sources */ = {isa = PBXBuildFile; fileRef = 8AF0753E22E11FB600146D51 /* WalkthroughViewController.swift */; };
		8AF0754622E1200000146D51 /* UIButton + Custom.swift in Sources */ = {isa = PBXBuildFile; fileRef = 8AF0754122E1200000146D51 /* UIButton + Custom.swift */; };
		8AF0754722E1200000146D51 /* UIColor + Custom.swift in Sources */ = {isa = PBXBuildFile; fileRef = 8AF0754222E1200000146D51 /* UIColor + Custom.swift */; };
		8AF0754822E1200000146D51 /* TTNorms-Bold.otf in Resources */ = {isa = PBXBuildFile; fileRef = 8AF0754422E1200000146D51 /* TTNorms-Bold.otf */; };
		8AF0754922E1200000146D51 /* TTNorms-Medium.otf in Resources */ = {isa = PBXBuildFile; fileRef = 8AF0754522E1200000146D51 /* TTNorms-Medium.otf */; };
		8AF0754B22E121E200146D51 /* CoordinatorViewController.swift in Sources */ = {isa = PBXBuildFile; fileRef = 8AF0754A22E121E200146D51 /* CoordinatorViewController.swift */; };
		8AF0754D22E126FE00146D51 /* StoryboardInitializable.swift in Sources */ = {isa = PBXBuildFile; fileRef = 8AF0754C22E126FE00146D51 /* StoryboardInitializable.swift */; };
		967F2D5E21EE324600FA635A /* AppDelegate.swift in Sources */ = {isa = PBXBuildFile; fileRef = 967F2D5D21EE324600FA635A /* AppDelegate.swift */; };
		967F2D6321EE324600FA635A /* Main.storyboard in Resources */ = {isa = PBXBuildFile; fileRef = 967F2D6121EE324600FA635A /* Main.storyboard */; };
		967F2D6821EE324A00FA635A /* LaunchScreen.storyboard in Resources */ = {isa = PBXBuildFile; fileRef = 967F2D6621EE324A00FA635A /* LaunchScreen.storyboard */; };
		967F2D7E21EE331B00FA635A /* tasks.plist in Resources */ = {isa = PBXBuildFile; fileRef = 967F2D7D21EE331B00FA635A /* tasks.plist */; };
		967F2D8621EE33AD00FA635A /* SecondTableViewController.swift in Sources */ = {isa = PBXBuildFile; fileRef = 967F2D7F21EE33AC00FA635A /* SecondTableViewController.swift */; };
		967F2D8721EE33AD00FA635A /* FirstTableViewController.swift in Sources */ = {isa = PBXBuildFile; fileRef = 967F2D8021EE33AC00FA635A /* FirstTableViewController.swift */; };
		967F2D8821EE33AD00FA635A /* ThirdTableViewController.swift in Sources */ = {isa = PBXBuildFile; fileRef = 967F2D8121EE33AC00FA635A /* ThirdTableViewController.swift */; };
		967F2D8921EE33AD00FA635A /* SelectColorViewController.swift in Sources */ = {isa = PBXBuildFile; fileRef = 967F2D8221EE33AC00FA635A /* SelectColorViewController.swift */; };
		967F2D8A21EE33AD00FA635A /* FourthTableViewController.swift in Sources */ = {isa = PBXBuildFile; fileRef = 967F2D8321EE33AC00FA635A /* FourthTableViewController.swift */; };
		967F2D8B21EE33AD00FA635A /* FifthTableViewController.swift in Sources */ = {isa = PBXBuildFile; fileRef = 967F2D8421EE33AC00FA635A /* FifthTableViewController.swift */; };
		967F2D8C21EE33AD00FA635A /* tableCell.swift in Sources */ = {isa = PBXBuildFile; fileRef = 967F2D8521EE33AD00FA635A /* tableCell.swift */; };
		9C74825973150DE56F676242 /* Pods_JustInCase.framework in Frameworks */ = {isa = PBXBuildFile; fileRef = 2E42B7412A3D1BF037CF0C81 /* Pods_JustInCase.framework */; };
/* End PBXBuildFile section */

/* Begin PBXFileReference section */
		2E42B7412A3D1BF037CF0C81 /* Pods_JustInCase.framework */ = {isa = PBXFileReference; explicitFileType = wrapper.framework; includeInIndex = 0; path = Pods_JustInCase.framework; sourceTree = BUILT_PRODUCTS_DIR; };
		453452741B7C3FCF6BC6A0A7 /* Pods-JustInCase.debug.xcconfig */ = {isa = PBXFileReference; includeInIndex = 1; lastKnownFileType = text.xcconfig; name = "Pods-JustInCase.debug.xcconfig"; path = "Target Support Files/Pods-JustInCase/Pods-JustInCase.debug.xcconfig"; sourceTree = "<group>"; };
		8ABBEE0222D48BAA007859F4 /* Assets.xcassets */ = {isa = PBXFileReference; lastKnownFileType = folder.assetcatalog; path = Assets.xcassets; sourceTree = "<group>"; };
		8AF0753E22E11FB600146D51 /* WalkthroughViewController.swift */ = {isa = PBXFileReference; lastKnownFileType = sourcecode.swift; path = WalkthroughViewController.swift; sourceTree = "<group>"; };
		8AF0754122E1200000146D51 /* UIButton + Custom.swift */ = {isa = PBXFileReference; fileEncoding = 4; lastKnownFileType = sourcecode.swift; path = "UIButton + Custom.swift"; sourceTree = "<group>"; };
		8AF0754222E1200000146D51 /* UIColor + Custom.swift */ = {isa = PBXFileReference; fileEncoding = 4; lastKnownFileType = sourcecode.swift; path = "UIColor + Custom.swift"; sourceTree = "<group>"; };
		8AF0754422E1200000146D51 /* TTNorms-Bold.otf */ = {isa = PBXFileReference; lastKnownFileType = file; path = "TTNorms-Bold.otf"; sourceTree = "<group>"; };
		8AF0754522E1200000146D51 /* TTNorms-Medium.otf */ = {isa = PBXFileReference; lastKnownFileType = file; path = "TTNorms-Medium.otf"; sourceTree = "<group>"; };
		8AF0754A22E121E200146D51 /* CoordinatorViewController.swift */ = {isa = PBXFileReference; lastKnownFileType = sourcecode.swift; path = CoordinatorViewController.swift; sourceTree = "<group>"; };
		8AF0754C22E126FE00146D51 /* StoryboardInitializable.swift */ = {isa = PBXFileReference; lastKnownFileType = sourcecode.swift; path = StoryboardInitializable.swift; sourceTree = "<group>"; };
		967F2D5A21EE324600FA635A /* JustInCase.app */ = {isa = PBXFileReference; explicitFileType = wrapper.application; includeInIndex = 0; path = JustInCase.app; sourceTree = BUILT_PRODUCTS_DIR; };
		967F2D5D21EE324600FA635A /* AppDelegate.swift */ = {isa = PBXFileReference; lastKnownFileType = sourcecode.swift; path = AppDelegate.swift; sourceTree = "<group>"; };
		967F2D6221EE324600FA635A /* Base */ = {isa = PBXFileReference; lastKnownFileType = file.storyboard; name = Base; path = Base.lproj/Main.storyboard; sourceTree = "<group>"; };
		967F2D6721EE324A00FA635A /* Base */ = {isa = PBXFileReference; lastKnownFileType = file.storyboard; name = Base; path = Base.lproj/LaunchScreen.storyboard; sourceTree = "<group>"; };
		967F2D6921EE324A00FA635A /* Info.plist */ = {isa = PBXFileReference; lastKnownFileType = text.plist.xml; path = Info.plist; sourceTree = "<group>"; };
		967F2D7D21EE331B00FA635A /* tasks.plist */ = {isa = PBXFileReference; fileEncoding = 4; lastKnownFileType = text.plist.xml; path = tasks.plist; sourceTree = "<group>"; };
		967F2D7F21EE33AC00FA635A /* SecondTableViewController.swift */ = {isa = PBXFileReference; fileEncoding = 4; lastKnownFileType = sourcecode.swift; path = SecondTableViewController.swift; sourceTree = "<group>"; };
		967F2D8021EE33AC00FA635A /* FirstTableViewController.swift */ = {isa = PBXFileReference; fileEncoding = 4; lastKnownFileType = sourcecode.swift; path = FirstTableViewController.swift; sourceTree = "<group>"; };
		967F2D8121EE33AC00FA635A /* ThirdTableViewController.swift */ = {isa = PBXFileReference; fileEncoding = 4; lastKnownFileType = sourcecode.swift; path = ThirdTableViewController.swift; sourceTree = "<group>"; };
		967F2D8221EE33AC00FA635A /* SelectColorViewController.swift */ = {isa = PBXFileReference; fileEncoding = 4; lastKnownFileType = sourcecode.swift; path = SelectColorViewController.swift; sourceTree = "<group>"; };
		967F2D8321EE33AC00FA635A /* FourthTableViewController.swift */ = {isa = PBXFileReference; fileEncoding = 4; lastKnownFileType = sourcecode.swift; path = FourthTableViewController.swift; sourceTree = "<group>"; };
		967F2D8421EE33AC00FA635A /* FifthTableViewController.swift */ = {isa = PBXFileReference; fileEncoding = 4; lastKnownFileType = sourcecode.swift; path = FifthTableViewController.swift; sourceTree = "<group>"; };
		967F2D8521EE33AD00FA635A /* tableCell.swift */ = {isa = PBXFileReference; fileEncoding = 4; lastKnownFileType = sourcecode.swift; path = tableCell.swift; sourceTree = "<group>"; };
		F05E5BA7549771C920EA2AB7 /* Pods-JustInCase.release.xcconfig */ = {isa = PBXFileReference; includeInIndex = 1; lastKnownFileType = text.xcconfig; name = "Pods-JustInCase.release.xcconfig"; path = "Target Support Files/Pods-JustInCase/Pods-JustInCase.release.xcconfig"; sourceTree = "<group>"; };
/* End PBXFileReference section */

/* Begin PBXFrameworksBuildPhase section */
		967F2D5721EE324600FA635A /* Frameworks */ = {
			isa = PBXFrameworksBuildPhase;
			buildActionMask = 2147483647;
			files = (
				9C74825973150DE56F676242 /* Pods_JustInCase.framework in Frameworks */,
			);
			runOnlyForDeploymentPostprocessing = 0;
		};
/* End PBXFrameworksBuildPhase section */

/* Begin PBXGroup section */
		6B31195785CA0FAFD1D44915 /* Pods */ = {
			isa = PBXGroup;
			children = (
				453452741B7C3FCF6BC6A0A7 /* Pods-JustInCase.debug.xcconfig */,
				F05E5BA7549771C920EA2AB7 /* Pods-JustInCase.release.xcconfig */,
			);
			path = Pods;
			sourceTree = "<group>";
		};
		8AF0754022E1200000146D51 /* Helpers */ = {
			isa = PBXGroup;
			children = (
				8AF0754122E1200000146D51 /* UIButton + Custom.swift */,
				8AF0754222E1200000146D51 /* UIColor + Custom.swift */,
				8AF0754322E1200000146D51 /* Fonts */,
			);
			path = Helpers;
			sourceTree = "<group>";
		};
		8AF0754322E1200000146D51 /* Fonts */ = {
			isa = PBXGroup;
			children = (
				8AF0754422E1200000146D51 /* TTNorms-Bold.otf */,
				8AF0754522E1200000146D51 /* TTNorms-Medium.otf */,
			);
			path = Fonts;
			sourceTree = "<group>";
		};
		967F2D5121EE324600FA635A = {
			isa = PBXGroup;
			children = (
				967F2D5C21EE324600FA635A /* JustInCase */,
				967F2D5B21EE324600FA635A /* Products */,
				6B31195785CA0FAFD1D44915 /* Pods */,
				A2D37C474D3E67A64D6310CC /* Frameworks */,
			);
			sourceTree = "<group>";
		};
		967F2D5B21EE324600FA635A /* Products */ = {
			isa = PBXGroup;
			children = (
				967F2D5A21EE324600FA635A /* JustInCase.app */,
			);
			name = Products;
			sourceTree = "<group>";
		};
		967F2D5C21EE324600FA635A /* JustInCase */ = {
			isa = PBXGroup;
			children = (
				967F2D5D21EE324600FA635A /* AppDelegate.swift */,
				967F2D8021EE33AC00FA635A /* FirstTableViewController.swift */,
				967F2D7F21EE33AC00FA635A /* SecondTableViewController.swift */,
				967F2D8121EE33AC00FA635A /* ThirdTableViewController.swift */,
				8AF0754C22E126FE00146D51 /* StoryboardInitializable.swift */,
				8AF0754022E1200000146D51 /* Helpers */,
				967F2D8321EE33AC00FA635A /* FourthTableViewController.swift */,
				967F2D8421EE33AC00FA635A /* FifthTableViewController.swift */,
				967F2D8221EE33AC00FA635A /* SelectColorViewController.swift */,
				8AF0754A22E121E200146D51 /* CoordinatorViewController.swift */,
				967F2D8521EE33AD00FA635A /* tableCell.swift */,
				967F2D6121EE324600FA635A /* Main.storyboard */,
				967F2D6621EE324A00FA635A /* LaunchScreen.storyboard */,
				8ABBEE0222D48BAA007859F4 /* Assets.xcassets */,
				967F2D6921EE324A00FA635A /* Info.plist */,
				967F2D7D21EE331B00FA635A /* tasks.plist */,
				8AF0753E22E11FB600146D51 /* WalkthroughViewController.swift */,
			);
			path = JustInCase;
			sourceTree = "<group>";
		};
		A2D37C474D3E67A64D6310CC /* Frameworks */ = {
			isa = PBXGroup;
			children = (
				2E42B7412A3D1BF037CF0C81 /* Pods_JustInCase.framework */,
			);
			name = Frameworks;
			sourceTree = "<group>";
		};
/* End PBXGroup section */

/* Begin PBXNativeTarget section */
		967F2D5921EE324600FA635A /* JustInCase */ = {
			isa = PBXNativeTarget;
			buildConfigurationList = 967F2D7721EE324A00FA635A /* Build configuration list for PBXNativeTarget "JustInCase" */;
			buildPhases = (
				3FFD69EC1FAC5CB8BF1A94E3 /* [CP] Check Pods Manifest.lock */,
				967F2D5621EE324600FA635A /* Sources */,
				967F2D5721EE324600FA635A /* Frameworks */,
				967F2D5821EE324600FA635A /* Resources */,
				A5FC7AE61C7694C807708CB1 /* [CP] Embed Pods Frameworks */,
			);
			buildRules = (
			);
			dependencies = (
			);
			name = JustInCase;
			productName = "Life Lift";
			productReference = 967F2D5A21EE324600FA635A /* JustInCase.app */;
			productType = "com.apple.product-type.application";
		};
/* End PBXNativeTarget section */

/* Begin PBXProject section */
		967F2D5221EE324600FA635A /* Project object */ = {
			isa = PBXProject;
			attributes = {
				LastSwiftUpdateCheck = 1010;
				LastUpgradeCheck = 1010;
				ORGANIZATIONNAME = IM;
				TargetAttributes = {
					967F2D5921EE324600FA635A = {
						CreatedOnToolsVersion = 10.1;
						LastSwiftMigration = 1020;
						ProvisioningStyle = Automatic;
					};
				};
			};
			buildConfigurationList = 967F2D5521EE324600FA635A /* Build configuration list for PBXProject "JustInCase" */;
			compatibilityVersion = "Xcode 8.0";
			developmentRegion = en;
			hasScannedForEncodings = 0;
			knownRegions = (
				en,
				Base,
			);
			mainGroup = 967F2D5121EE324600FA635A;
			productRefGroup = 967F2D5B21EE324600FA635A /* Products */;
			projectDirPath = "";
			projectRoot = "";
			targets = (
				967F2D5921EE324600FA635A /* JustInCase */,
			);
		};
/* End PBXProject section */

/* Begin PBXResourcesBuildPhase section */
		967F2D5821EE324600FA635A /* Resources */ = {
			isa = PBXResourcesBuildPhase;
			buildActionMask = 2147483647;
			files = (
				967F2D6821EE324A00FA635A /* LaunchScreen.storyboard in Resources */,
				8AF0754822E1200000146D51 /* TTNorms-Bold.otf in Resources */,
				8AF0754922E1200000146D51 /* TTNorms-Medium.otf in Resources */,
				967F2D6321EE324600FA635A /* Main.storyboard in Resources */,
				8ABBEE0322D48BAA007859F4 /* Assets.xcassets in Resources */,
				967F2D7E21EE331B00FA635A /* tasks.plist in Resources */,
			);
			runOnlyForDeploymentPostprocessing = 0;
		};
/* End PBXResourcesBuildPhase section */

/* Begin PBXShellScriptBuildPhase section */
		3FFD69EC1FAC5CB8BF1A94E3 /* [CP] Check Pods Manifest.lock */ = {
			isa = PBXShellScriptBuildPhase;
			buildActionMask = 2147483647;
			files = (
			);
			inputFileListPaths = (
			);
			inputPaths = (
				"${PODS_PODFILE_DIR_PATH}/Podfile.lock",
				"${PODS_ROOT}/Manifest.lock",
			);
			name = "[CP] Check Pods Manifest.lock";
			outputFileListPaths = (
			);
			outputPaths = (
				"$(DERIVED_FILE_DIR)/Pods-JustInCase-checkManifestLockResult.txt",
			);
			runOnlyForDeploymentPostprocessing = 0;
			shellPath = /bin/sh;
			shellScript = "diff \"${PODS_PODFILE_DIR_PATH}/Podfile.lock\" \"${PODS_ROOT}/Manifest.lock\" > /dev/null\nif [ $? != 0 ] ; then\n    # print error to STDERR\n    echo \"error: The sandbox is not in sync with the Podfile.lock. Run 'pod install' or update your CocoaPods installation.\" >&2\n    exit 1\nfi\n# This output is used by Xcode 'outputs' to avoid re-running this script phase.\necho \"SUCCESS\" > \"${SCRIPT_OUTPUT_FILE_0}\"\n";
			showEnvVarsInLog = 0;
		};
		A5FC7AE61C7694C807708CB1 /* [CP] Embed Pods Frameworks */ = {
			isa = PBXShellScriptBuildPhase;
			buildActionMask = 2147483647;
			files = (
			);
			inputFileListPaths = (
			);
			inputPaths = (
				"${PODS_ROOT}/Target Support Files/Pods-JustInCase/Pods-JustInCase-frameworks.sh",
				"${BUILT_PRODUCTS_DIR}/CircleMenu/CircleMenu.framework",
				"${BUILT_PRODUCTS_DIR}/paper-onboarding/paper_onboarding.framework",
			);
			name = "[CP] Embed Pods Frameworks";
			outputFileListPaths = (
			);
			outputPaths = (
				"${TARGET_BUILD_DIR}/${FRAMEWORKS_FOLDER_PATH}/CircleMenu.framework",
				"${TARGET_BUILD_DIR}/${FRAMEWORKS_FOLDER_PATH}/paper_onboarding.framework",
			);
			runOnlyForDeploymentPostprocessing = 0;
			shellPath = /bin/sh;
			shellScript = "\"${PODS_ROOT}/Target Support Files/Pods-JustInCase/Pods-JustInCase-frameworks.sh\"\n";
			showEnvVarsInLog = 0;
		};
/* End PBXShellScriptBuildPhase section */

/* Begin PBXSourcesBuildPhase section */
		967F2D5621EE324600FA635A /* Sources */ = {
			isa = PBXSourcesBuildPhase;
			buildActionMask = 2147483647;
			files = (
				8AF0754622E1200000146D51 /* UIButton + Custom.swift in Sources */,
				967F2D8A21EE33AD00FA635A /* FourthTableViewController.swift in Sources */,
				967F2D8B21EE33AD00FA635A /* FifthTableViewController.swift in Sources */,
				967F2D8721EE33AD00FA635A /* FirstTableViewController.swift in Sources */,
				8AF0754D22E126FE00146D51 /* StoryboardInitializable.swift in Sources */,
				8AF0753F22E11FB600146D51 /* WalkthroughViewController.swift in Sources */,
				967F2D8C21EE33AD00FA635A /* tableCell.swift in Sources */,
				8AF0754722E1200000146D51 /* UIColor + Custom.swift in Sources */,
				967F2D8621EE33AD00FA635A /* SecondTableViewController.swift in Sources */,
				967F2D8821EE33AD00FA635A /* ThirdTableViewController.swift in Sources */,
				8AF0754B22E121E200146D51 /* CoordinatorViewController.swift in Sources */,
				967F2D8921EE33AD00FA635A /* SelectColorViewController.swift in Sources */,
				967F2D5E21EE324600FA635A /* AppDelegate.swift in Sources */,
			);
			runOnlyForDeploymentPostprocessing = 0;
		};
/* End PBXSourcesBuildPhase section */

/* Begin PBXVariantGroup section */
		967F2D6121EE324600FA635A /* Main.storyboard */ = {
			isa = PBXVariantGroup;
			children = (
				967F2D6221EE324600FA635A /* Base */,
			);
			name = Main.storyboard;
			sourceTree = "<group>";
		};
		967F2D6621EE324A00FA635A /* LaunchScreen.storyboard */ = {
			isa = PBXVariantGroup;
			children = (
				967F2D6721EE324A00FA635A /* Base */,
			);
			name = LaunchScreen.storyboard;
			sourceTree = "<group>";
		};
/* End PBXVariantGroup section */

/* Begin XCBuildConfiguration section */
		967F2D7521EE324A00FA635A /* Debug */ = {
			isa = XCBuildConfiguration;
			buildSettings = {
				ALWAYS_SEARCH_USER_PATHS = NO;
				CLANG_ANALYZER_NONNULL = YES;
				CLANG_ANALYZER_NUMBER_OBJECT_CONVERSION = YES_AGGRESSIVE;
				CLANG_CXX_LANGUAGE_STANDARD = "gnu++14";
				CLANG_CXX_LIBRARY = "libc++";
				CLANG_ENABLE_MODULES = YES;
				CLANG_ENABLE_OBJC_ARC = YES;
				CLANG_ENABLE_OBJC_WEAK = YES;
				CLANG_WARN_BLOCK_CAPTURE_AUTORELEASING = YES;
				CLANG_WARN_BOOL_CONVERSION = YES;
				CLANG_WARN_COMMA = YES;
				CLANG_WARN_CONSTANT_CONVERSION = YES;
				CLANG_WARN_DEPRECATED_OBJC_IMPLEMENTATIONS = YES;
				CLANG_WARN_DIRECT_OBJC_ISA_USAGE = YES_ERROR;
				CLANG_WARN_DOCUMENTATION_COMMENTS = YES;
				CLANG_WARN_EMPTY_BODY = YES;
				CLANG_WARN_ENUM_CONVERSION = YES;
				CLANG_WARN_INFINITE_RECURSION = YES;
				CLANG_WARN_INT_CONVERSION = YES;
				CLANG_WARN_NON_LITERAL_NULL_CONVERSION = YES;
				CLANG_WARN_OBJC_IMPLICIT_RETAIN_SELF = YES;
				CLANG_WARN_OBJC_LITERAL_CONVERSION = YES;
				CLANG_WARN_OBJC_ROOT_CLASS = YES_ERROR;
				CLANG_WARN_RANGE_LOOP_ANALYSIS = YES;
				CLANG_WARN_STRICT_PROTOTYPES = YES;
				CLANG_WARN_SUSPICIOUS_MOVE = YES;
				CLANG_WARN_UNGUARDED_AVAILABILITY = YES_AGGRESSIVE;
				CLANG_WARN_UNREACHABLE_CODE = YES;
				CLANG_WARN__DUPLICATE_METHOD_MATCH = YES;
				CODE_SIGN_IDENTITY = "iPhone Developer";
				COPY_PHASE_STRIP = NO;
				DEBUG_INFORMATION_FORMAT = dwarf;
				ENABLE_STRICT_OBJC_MSGSEND = YES;
				ENABLE_TESTABILITY = YES;
				GCC_C_LANGUAGE_STANDARD = gnu11;
				GCC_DYNAMIC_NO_PIC = NO;
				GCC_NO_COMMON_BLOCKS = YES;
				GCC_OPTIMIZATION_LEVEL = 0;
				GCC_PREPROCESSOR_DEFINITIONS = (
					"DEBUG=1",
					"$(inherited)",
				);
				GCC_WARN_64_TO_32_BIT_CONVERSION = YES;
				GCC_WARN_ABOUT_RETURN_TYPE = YES_ERROR;
				GCC_WARN_UNDECLARED_SELECTOR = YES;
				GCC_WARN_UNINITIALIZED_AUTOS = YES_AGGRESSIVE;
				GCC_WARN_UNUSED_FUNCTION = YES;
				GCC_WARN_UNUSED_VARIABLE = YES;
				IPHONEOS_DEPLOYMENT_TARGET = 12.0;
				MTL_ENABLE_DEBUG_INFO = INCLUDE_SOURCE;
				MTL_FAST_MATH = YES;
				ONLY_ACTIVE_ARCH = YES;
				SDKROOT = iphoneos;
				SWIFT_ACTIVE_COMPILATION_CONDITIONS = DEBUG;
				SWIFT_OPTIMIZATION_LEVEL = "-Onone";
			};
			name = Debug;
		};
		967F2D7621EE324A00FA635A /* Release */ = {
			isa = XCBuildConfiguration;
			buildSettings = {
				ALWAYS_SEARCH_USER_PATHS = NO;
				CLANG_ANALYZER_NONNULL = YES;
				CLANG_ANALYZER_NUMBER_OBJECT_CONVERSION = YES_AGGRESSIVE;
				CLANG_CXX_LANGUAGE_STANDARD = "gnu++14";
				CLANG_CXX_LIBRARY = "libc++";
				CLANG_ENABLE_MODULES = YES;
				CLANG_ENABLE_OBJC_ARC = YES;
				CLANG_ENABLE_OBJC_WEAK = YES;
				CLANG_WARN_BLOCK_CAPTURE_AUTORELEASING = YES;
				CLANG_WARN_BOOL_CONVERSION = YES;
				CLANG_WARN_COMMA = YES;
				CLANG_WARN_CONSTANT_CONVERSION = YES;
				CLANG_WARN_DEPRECATED_OBJC_IMPLEMENTATIONS = YES;
				CLANG_WARN_DIRECT_OBJC_ISA_USAGE = YES_ERROR;
				CLANG_WARN_DOCUMENTATION_COMMENTS = YES;
				CLANG_WARN_EMPTY_BODY = YES;
				CLANG_WARN_ENUM_CONVERSION = YES;
				CLANG_WARN_INFINITE_RECURSION = YES;
				CLANG_WARN_INT_CONVERSION = YES;
				CLANG_WARN_NON_LITERAL_NULL_CONVERSION = YES;
				CLANG_WARN_OBJC_IMPLICIT_RETAIN_SELF = YES;
				CLANG_WARN_OBJC_LITERAL_CONVERSION = YES;
				CLANG_WARN_OBJC_ROOT_CLASS = YES_ERROR;
				CLANG_WARN_RANGE_LOOP_ANALYSIS = YES;
				CLANG_WARN_STRICT_PROTOTYPES = YES;
				CLANG_WARN_SUSPICIOUS_MOVE = YES;
				CLANG_WARN_UNGUARDED_AVAILABILITY = YES_AGGRESSIVE;
				CLANG_WARN_UNREACHABLE_CODE = YES;
				CLANG_WARN__DUPLICATE_METHOD_MATCH = YES;
				CODE_SIGN_IDENTITY = "iPhone Developer";
				COPY_PHASE_STRIP = NO;
				DEBUG_INFORMATION_FORMAT = "dwarf-with-dsym";
				ENABLE_NS_ASSERTIONS = NO;
				ENABLE_STRICT_OBJC_MSGSEND = YES;
				GCC_C_LANGUAGE_STANDARD = gnu11;
				GCC_NO_COMMON_BLOCKS = YES;
				GCC_WARN_64_TO_32_BIT_CONVERSION = YES;
				GCC_WARN_ABOUT_RETURN_TYPE = YES_ERROR;
				GCC_WARN_UNDECLARED_SELECTOR = YES;
				GCC_WARN_UNINITIALIZED_AUTOS = YES_AGGRESSIVE;
				GCC_WARN_UNUSED_FUNCTION = YES;
				GCC_WARN_UNUSED_VARIABLE = YES;
				IPHONEOS_DEPLOYMENT_TARGET = 12.0;
				MTL_ENABLE_DEBUG_INFO = NO;
				MTL_FAST_MATH = YES;
				SDKROOT = iphoneos;
				SWIFT_OPTIMIZATION_LEVEL = "-Owholemodule";
				VALIDATE_PRODUCT = YES;
			};
			name = Release;
		};
		967F2D7821EE324A00FA635A /* Debug */ = {
			isa = XCBuildConfiguration;
			baseConfigurationReference = 453452741B7C3FCF6BC6A0A7 /* Pods-JustInCase.debug.xcconfig */;
			buildSettings = {
				ASSETCATALOG_COMPILER_APPICON_NAME = AppIcon;
				CODE_SIGN_STYLE = Automatic;
				DEVELOPMENT_TEAM = 76FNC2L3PL;
				INFOPLIST_FILE = JustInCase/Info.plist;
				IPHONEOS_DEPLOYMENT_TARGET = 11.0;
				LD_RUNPATH_SEARCH_PATHS = "$(inherited) @executable_path/Frameworks";
				PRODUCT_BUNDLE_IDENTIFIER = com.sahapopov.JustInCase;
				PRODUCT_NAME = "$(TARGET_NAME)";
				SWIFT_VERSION = 5.0;
				TARGETED_DEVICE_FAMILY = 1;
			};
			name = Debug;
		};
		967F2D7921EE324A00FA635A /* Release */ = {
			isa = XCBuildConfiguration;
			baseConfigurationReference = F05E5BA7549771C920EA2AB7 /* Pods-JustInCase.release.xcconfig */;
			buildSettings = {
				ASSETCATALOG_COMPILER_APPICON_NAME = AppIcon;
				CODE_SIGN_STYLE = Automatic;
				DEVELOPMENT_TEAM = 76FNC2L3PL;
				INFOPLIST_FILE = JustInCase/Info.plist;
				IPHONEOS_DEPLOYMENT_TARGET = 11.0;
				LD_RUNPATH_SEARCH_PATHS = "$(inherited) @executable_path/Frameworks";
				PRODUCT_BUNDLE_IDENTIFIER = com.sahapopov.JustInCase;
				PRODUCT_NAME = "$(TARGET_NAME)";
				SWIFT_VERSION = 5.0;
				TARGETED_DEVICE_FAMILY = 1;
			};
			name = Release;
		};
/* End XCBuildConfiguration section */

/* Begin XCConfigurationList section */
		967F2D5521EE324600FA635A /* Build configuration list for PBXProject "JustInCase" */ = {
			isa = XCConfigurationList;
			buildConfigurations = (
				967F2D7521EE324A00FA635A /* Debug */,
				967F2D7621EE324A00FA635A /* Release */,
			);
			defaultConfigurationIsVisible = 0;
			defaultConfigurationName = Release;
		};
		967F2D7721EE324A00FA635A /* Build configuration list for PBXNativeTarget "JustInCase" */ = {
			isa = XCConfigurationList;
			buildConfigurations = (
				967F2D7821EE324A00FA635A /* Debug */,
				967F2D7921EE324A00FA635A /* Release */,
			);
			defaultConfigurationIsVisible = 0;
			defaultConfigurationName = Release;
		};
/* End XCConfigurationList section */
	};
	rootObject = 967F2D5221EE324600FA635A /* Project object */;
}
